
Microsoft Visual Studio Solution File, Format Version 12.00
# SQL Server Management Studio Version 21
VisualStudioVersion = 17.14.36301.6 d17.14
MinimumVisualStudioVersion = 10.0.40219.1
Global
	GlobalSection(SolutionConfigurationPlatforms) = preSolution
		Default|Default = Default|Default
	EndGlobalSection
	GlobalSection(ProjectConfigurationPlatforms) = postSolution
		{4684384B-61C4-432F-AB95-615C749A4452}.Default|Default.ActiveCfg = Default
	EndGlobalSection
	GlobalSection(SolutionProperties) = preSolution
		HideSolutionNode = FALSE
	EndGlobalSection
	GlobalSection(ExtensibilityGlobals) = postSolution
		SolutionGuid = {035DC958-4F0F-4065-9681-7005E18AE011}
	EndGlobalSection
EndGlobal
